
Microsoft Visual Studio Solution File, Format Version 12.00
# Visual Studio Version 17
VisualStudioVersion = 17.13.35931.197
MinimumVisualStudioVersion = 10.0.40219.1
Project("{2150E333-8FDC-42A3-9474-1A3956D46DE8}") = "Services", "Services", "{02EA681E-C7D8-13C7-8484-4AC65E1B71E8}"
EndProject
Project("{2150E333-8FDC-42A3-9474-1A3956D46DE8}") = "Catalog", "Catalog", "{77F3152D-9A9D-40F1-A7F6-762420F53B7C}"
EndProject
Project("{FAE04EC0-301F-11D3-BF4B-00C04F79EFBC}") = "Catalog.API", "Services\Catalog\Catalog.API\Catalog.API.csproj", "{10D60649-9190-4B80-8B4F-90B62FFF8870}"
EndProject
Project("{2150E333-8FDC-42A3-9474-1A3956D46DE8}") = "BuildingBlocks", "BuildingBlocks", "{B7F7BAD1-A515-46FB-9507-5A6BF04AA2C3}"
EndProject
Project("{FAE04EC0-301F-11D3-BF4B-00C04F79EFBC}") = "BuildingBlocks", "BuildingBlocks\BuildingBlocks\BuildingBlocks.csproj", "{991CEA5D-EE2C-413A-AED6-B7A9F731D443}"
EndProject
Project("{E53339B2-1760-4266-BCC7-CA923CBCF16C}") = "docker-compose", "docker-compose.dcproj", "{81DDED9D-158B-E303-5F62-77A2896D2A5A}"
EndProject
Project("{2150E333-8FDC-42A3-9474-1A3956D46DE8}") = "Basket", "Basket", "{8EE8EDE2-B0F9-42A5-B27A-5BE77D85612B}"
EndProject
Project("{FAE04EC0-301F-11D3-BF4B-00C04F79EFBC}") = "Basket.API", "Services\Basket\Basket.API\Basket.API.csproj", "{CF93B337-5F77-4718-AC8D-BFE7F716B64F}"
EndProject
Global
	GlobalSection(SolutionConfigurationPlatforms) = preSolution
		Debug|Any CPU = Debug|Any CPU
		Release|Any CPU = Release|Any CPU
	EndGlobalSection
	GlobalSection(ProjectConfigurationPlatforms) = postSolution
		{10D60649-9190-4B80-8B4F-90B62FFF8870}.Debug|Any CPU.ActiveCfg = Debug|Any CPU
		{10D60649-9190-4B80-8B4F-90B62FFF8870}.Debug|Any CPU.Build.0 = Debug|Any CPU
		{10D60649-9190-4B80-8B4F-90B62FFF8870}.Release|Any CPU.ActiveCfg = Release|Any CPU
		{10D60649-9190-4B80-8B4F-90B62FFF8870}.Release|Any CPU.Build.0 = Release|Any CPU
		{991CEA5D-EE2C-413A-AED6-B7A9F731D443}.Debug|Any CPU.ActiveCfg = Debug|Any CPU
		{991CEA5D-EE2C-413A-AED6-B7A9F731D443}.Debug|Any CPU.Build.0 = Debug|Any CPU
		{991CEA5D-EE2C-413A-AED6-B7A9F731D443}.Release|Any CPU.ActiveCfg = Release|Any CPU
		{991CEA5D-EE2C-413A-AED6-B7A9F731D443}.Release|Any CPU.Build.0 = Release|Any CPU
		{81DDED9D-158B-E303-5F62-77A2896D2A5A}.Debug|Any CPU.ActiveCfg = Debug|Any CPU
		{81DDED9D-158B-E303-5F62-77A2896D2A5A}.Debug|Any CPU.Build.0 = Debug|Any CPU
		{81DDED9D-158B-E303-5F62-77A2896D2A5A}.Release|Any CPU.ActiveCfg = Release|Any CPU
		{81DDED9D-158B-E303-5F62-77A2896D2A5A}.Release|Any CPU.Build.0 = Release|Any CPU
		{CF93B337-5F77-4718-AC8D-BFE7F716B64F}.Debug|Any CPU.ActiveCfg = Debug|Any CPU
		{CF93B337-5F77-4718-AC8D-BFE7F716B64F}.Debug|Any CPU.Build.0 = Debug|Any CPU
		{CF93B337-5F77-4718-AC8D-BFE7F716B64F}.Release|Any CPU.ActiveCfg = Release|Any CPU
		{CF93B337-5F77-4718-AC8D-BFE7F716B64F}.Release|Any CPU.Build.0 = Release|Any CPU
	EndGlobalSection
	GlobalSection(SolutionProperties) = preSolution
		HideSolutionNode = FALSE
	EndGlobalSection
	GlobalSection(NestedProjects) = preSolution
		{77F3152D-9A9D-40F1-A7F6-762420F53B7C} = {02EA681E-C7D8-13C7-8484-4AC65E1B71E8}
		{10D60649-9190-4B80-8B4F-90B62FFF8870} = {77F3152D-9A9D-40F1-A7F6-762420F53B7C}
		{991CEA5D-EE2C-413A-AED6-B7A9F731D443} = {B7F7BAD1-A515-46FB-9507-5A6BF04AA2C3}
		{8EE8EDE2-B0F9-42A5-B27A-5BE77D85612B} = {02EA681E-C7D8-13C7-8484-4AC65E1B71E8}
		{CF93B337-5F77-4718-AC8D-BFE7F716B64F} = {8EE8EDE2-B0F9-42A5-B27A-5BE77D85612B}
	EndGlobalSection
	GlobalSection(ExtensibilityGlobals) = postSolution
		SolutionGuid = {9C323D66-3400-43F5-A33C-ECD69A7B3711}
	EndGlobalSection
EndGlobal
